
Microsoft Visual Studio Solution File, Format Version 12.00
# Visual Studio 14
VisualStudioVersion = 14.0.24720.0
MinimumVisualStudioVersion = 10.0.40219.1
Project("{FAE04EC0-301F-11D3-BF4B-00C04F79EFBC}") = "Web", "Web\Web.csproj", "{3B21800D-FAD8-4A28-8B7A-9F151B258385}"
EndProject
Project("{FAE04EC0-301F-11D3-BF4B-00C04F79EFBC}") = "DAL", "DAL\DAL.csproj", "{6779D87E-3B0C-4436-BBBE-9D8EED7D3893}"
EndProject
Project("{FAE04EC0-301F-11D3-BF4B-00C04F79EFBC}") = "Domain", "Domain\Domain.csproj", "{9F27711A-D8FF-47EE-9DF0-2401C90DDB6E}"
EndProject
Project("{FAE04EC0-301F-11D3-BF4B-00C04F79EFBC}") = "TournamentConsoleApp", "TournamentConsoleApp\TournamentConsoleApp.csproj", "{A4488A68-EC04-417A-A430-EE049D8E7293}"
EndProject
Global
	GlobalSection(SolutionConfigurationPlatforms) = preSolution
		Debug|Any CPU = Debug|Any CPU
		Release|Any CPU = Release|Any CPU
	EndGlobalSection
	GlobalSection(ProjectConfigurationPlatforms) = postSolution
		{3B21800D-FAD8-4A28-8B7A-9F151B258385}.Debug|Any CPU.ActiveCfg = Debug|Any CPU
		{3B21800D-FAD8-4A28-8B7A-9F151B258385}.Debug|Any CPU.Build.0 = Debug|Any CPU
		{3B21800D-FAD8-4A28-8B7A-9F151B258385}.Release|Any CPU.ActiveCfg = Release|Any CPU
		{3B21800D-FAD8-4A28-8B7A-9F151B258385}.Release|Any CPU.Build.0 = Release|Any CPU
		{6779D87E-3B0C-4436-BBBE-9D8EED7D3893}.Debug|Any CPU.ActiveCfg = Debug|Any CPU
		{6779D87E-3B0C-4436-BBBE-9D8EED7D3893}.Debug|Any CPU.Build.0 = Debug|Any CPU
		{6779D87E-3B0C-4436-BBBE-9D8EED7D3893}.Release|Any CPU.ActiveCfg = Release|Any CPU
		{6779D87E-3B0C-4436-BBBE-9D8EED7D3893}.Release|Any CPU.Build.0 = Release|Any CPU
		{9F27711A-D8FF-47EE-9DF0-2401C90DDB6E}.Debug|Any CPU.ActiveCfg = Debug|Any CPU
		{9F27711A-D8FF-47EE-9DF0-2401C90DDB6E}.Debug|Any CPU.Build.0 = Debug|Any CPU
		{9F27711A-D8FF-47EE-9DF0-2401C90DDB6E}.Release|Any CPU.ActiveCfg = Release|Any CPU
		{9F27711A-D8FF-47EE-9DF0-2401C90DDB6E}.Release|Any CPU.Build.0 = Release|Any CPU
		{A4488A68-EC04-417A-A430-EE049D8E7293}.Debug|Any CPU.ActiveCfg = Debug|Any CPU
		{A4488A68-EC04-417A-A430-EE049D8E7293}.Debug|Any CPU.Build.0 = Debug|Any CPU
		{A4488A68-EC04-417A-A430-EE049D8E7293}.Release|Any CPU.ActiveCfg = Release|Any CPU
		{A4488A68-EC04-417A-A430-EE049D8E7293}.Release|Any CPU.Build.0 = Release|Any CPU
	EndGlobalSection
	GlobalSection(SolutionProperties) = preSolution
		HideSolutionNode = FALSE
	EndGlobalSection
EndGlobal
